{
  "name": "processor",
  "version": "1.0.0",
  "lockfileVersion": 3,
  "requires": true,
  "packages": {
    "": {
      "name": "processor",
      "version": "1.0.0",
      "license": "ISC",
      "dependencies": {
        "@prisma/client": "^5.16.2",
        "kafkajs": "^2.2.4",
        "prisma": "^5.16.2"
      }
    },
    "node_modules/@prisma/client": {
      "version": "5.16.2",
      "resolved": "https://registry.npmjs.org/@prisma/client/-/client-5.16.2.tgz",
      "integrity": "sha512-+1lmkhR9gHWcTC5oghm2ZKpWljyWdzfazCVlLKUWXVmwHSf52g81aZ8qb6Km5Bs025yBi7puLp3qSLEvktoUtw==",
      "hasInstallScript": true,
      "engines": {
        "node": ">=16.13"
      },
      "peerDependencies": {
        "prisma": "*"
      },
      "peerDependenciesMeta": {
        "prisma": {
          "optional": true
        }
      }
    },
    "node_modules/@prisma/debug": {
      "version": "5.16.2",
      "resolved": "https://registry.npmjs.org/@prisma/debug/-/debug-5.16.2.tgz",
      "integrity": "sha512-ItzB4nR4O8eLzuJiuP3WwUJfoIvewMHqpGCad+64gvThcKEVOtaUza9AEJo2DPqAOa/AWkFyK54oM4WwHeew+A=="
    },
    "node_modules/@prisma/engines": {
      "version": "5.16.2",
      "resolved": "https://registry.npmjs.org/@prisma/engines/-/engines-5.16.2.tgz",
      "integrity": "sha512-qUxwMtrwoG3byd4PbX6T7EjHJ8AUhzTuwniOGkh/hIznBfcE2QQnGakyEq4VnwNuttMqvh/GgPFapHQ3lCuRHg==",
      "hasInstallScript": true,
      "dependencies": {
        "@prisma/debug": "5.16.2",
        "@prisma/engines-version": "5.16.0-24.34ace0eb2704183d2c05b60b52fba5c43c13f303",
        "@prisma/fetch-engine": "5.16.2",
        "@prisma/get-platform": "5.16.2"
      }
    },
    "node_modules/@prisma/engines-version": {
      "version": "5.16.0-24.34ace0eb2704183d2c05b60b52fba5c43c13f303",
      "resolved": "https://registry.npmjs.org/@prisma/engines-version/-/engines-version-5.16.0-24.34ace0eb2704183d2c05b60b52fba5c43c13f303.tgz",
      "integrity": "sha512-HkT2WbfmFZ9WUPyuJHhkiADxazHg8Y4gByrTSVeb3OikP6tjQ7txtSUGu9OBOBH0C13dPKN2qqH12xKtHu/Hiw=="
    },
    "node_modules/@prisma/fetch-engine": {
      "version": "5.16.2",
      "resolved": "https://registry.npmjs.org/@prisma/fetch-engine/-/fetch-engine-5.16.2.tgz",
      "integrity": "sha512-sq51lfHKfH2jjYSjBtMjP+AznFqOJzXpqmq6B9auWrlTJrMgZ7lPyhWUW7VU7LsQU48/TJ+DZeIz8s9bMYvcHg==",
      "dependencies": {
        "@prisma/debug": "5.16.2",
        "@prisma/engines-version": "5.16.0-24.34ace0eb2704183d2c05b60b52fba5c43c13f303",
        "@prisma/get-platform": "5.16.2"
      }
    },
    "node_modules/@prisma/get-platform": {
      "version": "5.16.2",
      "resolved": "https://registry.npmjs.org/@prisma/get-platform/-/get-platform-5.16.2.tgz",
      "integrity": "sha512-cXiHPgNLNyj22vLouPVNegklpRL/iX2jxTeap5GRO3DmCoVyIHmJAV1CgUMUJhHlcol9yYy7EHvsnXTDJ/PKEA==",
      "dependencies": {
        "@prisma/debug": "5.16.2"
      }
    },
    "node_modules/kafkajs": {
      "version": "2.2.4",
      "resolved": "https://registry.npmjs.org/kafkajs/-/kafkajs-2.2.4.tgz",
      "integrity": "sha512-j/YeapB1vfPT2iOIUn/vxdyKEuhuY2PxMBvf5JWux6iSaukAccrMtXEY/Lb7OvavDhOWME589bpLrEdnVHjfjA==",
      "engines": {
        "node": ">=14.0.0"
      }
    },
    "node_modules/prisma": {
      "version": "5.16.2",
      "resolved": "https://registry.npmjs.org/prisma/-/prisma-5.16.2.tgz",
      "integrity": "sha512-rFV/xoBR2hBGGlu4LPLQd4U8WVA+tSAmYyFWGPRVfj+xg7N4kiZV4lSk38htSpF+/IuHKzlrbh4SFk8Z18cI8A==",
      "hasInstallScript": true,
      "dependencies": {
        "@prisma/engines": "5.16.2"
      },
      "bin": {
        "prisma": "build/index.js"
      },
      "engines": {
        "node": ">=16.13"
      }
    }
  }
}
